
Microsoft Visual Studio Solution File, Format Version 12.00
# Visual Studio Version 17
VisualStudioVersion = 17.0.32002.185
MinimumVisualStudioVersion = 10.0.40219.1
Project("{FAE04EC0-301F-11D3-BF4B-00C04F79EFBC}") = "TestAppThree", "TestAppThree\TestAppThree.csproj", "{C0B1F6B8-91AD-4EEB-91B3-3F3A9C46686C}"
EndProject
Global
	GlobalSection(SolutionConfigurationPlatforms) = preSolution
		Debug|Any CPU = Debug|Any CPU
		Release|Any CPU = Release|Any CPU
	EndGlobalSection
	GlobalSection(ProjectConfigurationPlatforms) = postSolution
		{C0B1F6B8-91AD-4EEB-91B3-3F3A9C46686C}.Debug|Any CPU.ActiveCfg = Debug|Any CPU
		{C0B1F6B8-91AD-4EEB-91B3-3F3A9C46686C}.Debug|Any CPU.Build.0 = Debug|Any CPU
		{C0B1F6B8-91AD-4EEB-91B3-3F3A9C46686C}.Release|Any CPU.ActiveCfg = Release|Any CPU
		{C0B1F6B8-91AD-4EEB-91B3-3F3A9C46686C}.Release|Any CPU.Build.0 = Release|Any CPU
	EndGlobalSection
	GlobalSection(SolutionProperties) = preSolution
		HideSolutionNode = FALSE
	EndGlobalSection
	GlobalSection(ExtensibilityGlobals) = postSolution
		SolutionGuid = {49C1E684-C28F-42E8-B48C-831E3381C989}
	EndGlobalSection
EndGlobal
